
Microsoft Visual Studio Solution File, Format Version 12.00
# Visual Studio Version 17
VisualStudioVersion = 17.4.33213.308
MinimumVisualStudioVersion = 10.0.40219.1
Project("{FAE04EC0-301F-11D3-BF4B-00C04F79EFBC}") = "Kurs_Proj", "Kurs_Proj\Kurs_Proj.csproj", "{29CE170D-F589-4AD1-93F7-AE43D22A56D8}"
EndProject
Global
	GlobalSection(SolutionConfigurationPlatforms) = preSolution
		Debug|Any CPU = Debug|Any CPU
		Release|Any CPU = Release|Any CPU
	EndGlobalSection
	GlobalSection(ProjectConfigurationPlatforms) = postSolution
		{29CE170D-F589-4AD1-93F7-AE43D22A56D8}.Debug|Any CPU.ActiveCfg = Debug|Any CPU
		{29CE170D-F589-4AD1-93F7-AE43D22A56D8}.Debug|Any CPU.Build.0 = Debug|Any CPU
		{29CE170D-F589-4AD1-93F7-AE43D22A56D8}.Release|Any CPU.ActiveCfg = Release|Any CPU
		{29CE170D-F589-4AD1-93F7-AE43D22A56D8}.Release|Any CPU.Build.0 = Release|Any CPU
	EndGlobalSection
	GlobalSection(SolutionProperties) = preSolution
		HideSolutionNode = FALSE
	EndGlobalSection
	GlobalSection(ExtensibilityGlobals) = postSolution
		SolutionGuid = {154023CA-523A-4B38-847D-7D3E729459A7}
	EndGlobalSection
EndGlobal
